{
  "name": "world-of-giants",
  "version": "0.0.1",
  "lockfileVersion": 2,
  "requires": true,
  "packages": {
    "": {
      "name": "world-of-giants",
      "version": "0.0.1",
      "license": "MIT",
      "dependencies": {
        "perlin-noise-3d": "^0.5.4",
        "three": "^0.137.5",
        "tweakpane": "^3.0.7"
      },
      "devDependencies": {
        "@tweakpane/core": "^1.0.8"
      }
    },
    "node_modules/@tweakpane/core": {
      "version": "1.0.8",
      "resolved": "https://registry.npmjs.org/@tweakpane/core/-/core-1.0.8.tgz",
      "integrity": "sha512-q7BQrqM4NYiaSoErRgRY0EBxxC8AzsZJoz52K8SNJ/IfYu9lTzfFTwW7ouYqgElSOx+3ybXBcMlkCPZdOBZg6Q==",
      "dev": true
    },
    "node_modules/perlin-noise-3d": {
      "version": "0.5.4",
      "resolved": "https://registry.npmjs.org/perlin-noise-3d/-/perlin-noise-3d-0.5.4.tgz",
      "integrity": "sha512-4BbwqQ/e8HjumsaiWSemu9FggqbbX4NeEtLaWvK3554YcnqmK6APtOAAqZ9xT8lFdKCGYgpUPAhaPOHCJuvEyw=="
    },
    "node_modules/three": {
      "version": "0.137.5",
      "resolved": "https://registry.npmjs.org/three/-/three-0.137.5.tgz",
      "integrity": "sha512-rTyr+HDFxjnN8+N/guZjDgfVxgHptZQpf6xfL/Mo7a5JYIFwK6tAq3bzxYYB4Ae0RosDZlDuP+X5aXDXz+XnHQ=="
    },
    "node_modules/tweakpane": {
      "version": "3.0.7",
      "resolved": "https://registry.npmjs.org/tweakpane/-/tweakpane-3.0.7.tgz",
      "integrity": "sha512-rgxqoo6T10atYoKHVif6aYlAMIAlHJ84hi5LXqi6ZgVEPcmnzPI34C88y6HquarBY0ZKE/ZCXVaZm8NibhQRtA=="
    }
  },
  "dependencies": {
    "@tweakpane/core": {
      "version": "1.0.8",
      "resolved": "https://registry.npmjs.org/@tweakpane/core/-/core-1.0.8.tgz",
      "integrity": "sha512-q7BQrqM4NYiaSoErRgRY0EBxxC8AzsZJoz52K8SNJ/IfYu9lTzfFTwW7ouYqgElSOx+3ybXBcMlkCPZdOBZg6Q==",
      "dev": true
    },
    "perlin-noise-3d": {
      "version": "0.5.4",
      "resolved": "https://registry.npmjs.org/perlin-noise-3d/-/perlin-noise-3d-0.5.4.tgz",
      "integrity": "sha512-4BbwqQ/e8HjumsaiWSemu9FggqbbX4NeEtLaWvK3554YcnqmK6APtOAAqZ9xT8lFdKCGYgpUPAhaPOHCJuvEyw=="
    },
    "three": {
      "version": "0.137.5",
      "resolved": "https://registry.npmjs.org/three/-/three-0.137.5.tgz",
      "integrity": "sha512-rTyr+HDFxjnN8+N/guZjDgfVxgHptZQpf6xfL/Mo7a5JYIFwK6tAq3bzxYYB4Ae0RosDZlDuP+X5aXDXz+XnHQ=="
    },
    "tweakpane": {
      "version": "3.0.7",
      "resolved": "https://registry.npmjs.org/tweakpane/-/tweakpane-3.0.7.tgz",
      "integrity": "sha512-rgxqoo6T10atYoKHVif6aYlAMIAlHJ84hi5LXqi6ZgVEPcmnzPI34C88y6HquarBY0ZKE/ZCXVaZm8NibhQRtA=="
    }
  }
}
