{
  "name": "threejs-journey-cannon",
  "version": "0.0.1",
  "lockfileVersion": 2,
  "requires": true,
  "packages": {
    "": {
      "name": "threejs-journey-cannon",
      "version": "0.0.1",
      "license": "MIT",
      "dependencies": {
        "cannon-es": "^0.19.0",
        "three": "^0.136.0",
        "tweakpane": "^3.0.7"
      },
      "devDependencies": {
        "@tweakpane/core": "^1.0.8"
      }
    },
    "node_modules/@tweakpane/core": {
      "version": "1.0.8",
      "resolved": "https://registry.npmjs.org/@tweakpane/core/-/core-1.0.8.tgz",
      "integrity": "sha512-q7BQrqM4NYiaSoErRgRY0EBxxC8AzsZJoz52K8SNJ/IfYu9lTzfFTwW7ouYqgElSOx+3ybXBcMlkCPZdOBZg6Q==",
      "dev": true
    },
    "node_modules/cannon-es": {
      "version": "0.19.0",
      "resolved": "https://registry.npmjs.org/cannon-es/-/cannon-es-0.19.0.tgz",
      "integrity": "sha512-fu9UXrjFmAQXq3JyBVPbtyc53suX+QHzikZEJykxroVNnIx1xHq0jZenK8qwhdwbBAtDL9n/47TyPELuSQwZuA=="
    },
    "node_modules/three": {
      "version": "0.136.0",
      "resolved": "https://registry.npmjs.org/three/-/three-0.136.0.tgz",
      "integrity": "sha512-+fEMX7nYLz2ZesVP/dyifli5Jf8gR3XPAnFJveQ80aMhibFduzrADnjMbARXh8+W9qLK7rshJCjAIL/6cDxC+A=="
    },
    "node_modules/tweakpane": {
      "version": "3.0.7",
      "resolved": "https://registry.npmjs.org/tweakpane/-/tweakpane-3.0.7.tgz",
      "integrity": "sha512-rgxqoo6T10atYoKHVif6aYlAMIAlHJ84hi5LXqi6ZgVEPcmnzPI34C88y6HquarBY0ZKE/ZCXVaZm8NibhQRtA=="
    }
  },
  "dependencies": {
    "@tweakpane/core": {
      "version": "1.0.8",
      "resolved": "https://registry.npmjs.org/@tweakpane/core/-/core-1.0.8.tgz",
      "integrity": "sha512-q7BQrqM4NYiaSoErRgRY0EBxxC8AzsZJoz52K8SNJ/IfYu9lTzfFTwW7ouYqgElSOx+3ybXBcMlkCPZdOBZg6Q==",
      "dev": true
    },
    "cannon-es": {
      "version": "0.19.0",
      "resolved": "https://registry.npmjs.org/cannon-es/-/cannon-es-0.19.0.tgz",
      "integrity": "sha512-fu9UXrjFmAQXq3JyBVPbtyc53suX+QHzikZEJykxroVNnIx1xHq0jZenK8qwhdwbBAtDL9n/47TyPELuSQwZuA=="
    },
    "three": {
      "version": "0.136.0",
      "resolved": "https://registry.npmjs.org/three/-/three-0.136.0.tgz",
      "integrity": "sha512-+fEMX7nYLz2ZesVP/dyifli5Jf8gR3XPAnFJveQ80aMhibFduzrADnjMbARXh8+W9qLK7rshJCjAIL/6cDxC+A=="
    },
    "tweakpane": {
      "version": "3.0.7",
      "resolved": "https://registry.npmjs.org/tweakpane/-/tweakpane-3.0.7.tgz",
      "integrity": "sha512-rgxqoo6T10atYoKHVif6aYlAMIAlHJ84hi5LXqi6ZgVEPcmnzPI34C88y6HquarBY0ZKE/ZCXVaZm8NibhQRtA=="
    }
  }
}
