{
  "name": "orbits",
  "version": "0.0.1",
  "lockfileVersion": 1,
  "requires": true,
  "dependencies": {
    "tweakpane": {
      "version": "2.1.1",
      "resolved": "https://registry.npmjs.org/tweakpane/-/tweakpane-2.1.1.tgz",
      "integrity": "sha512-2fBR9s76r22a4OSuwhngmJNGCU9Sb85oz8OF5VmrxQlP9VfWlPePdkg7uvc/DsUTu3F+ivzUAqTrI+1f8jq5WQ=="
    }
  }
}
