{
  "name": "tissue",
  "version": "0.0.1",
  "lockfileVersion": 1,
  "requires": true,
  "dependencies": {
    "tweakpane": {
      "version": "2.2.1",
      "resolved": "https://registry.npmjs.org/tweakpane/-/tweakpane-2.2.1.tgz",
      "integrity": "sha512-fF9aybp+vXzji/II67ot2ScCn5Q0xZzYvO+ylIwKQNTIk3H+DEl2ccHAVxpIMxrOHD3ON3kdee/CXH7/o9ruhA=="
    }
  }
}
